<?xml version="1.0" encoding="utf-8"?>
<Project ToolsVersion="4.0" xmlns="http://schemas.microsoft.com/developer/msbuild/2003">
  <ItemGroup>
    <ClCompile Include="main.cpp" />
    <ClCompile Include="..\external\imgui\imgui.cpp">
      <Filter>imgui</Filter>
    </ClCompile>
    <ClCompile Include="..\external\imgui\imgui_demo.cpp">
      <Filter>imgui</Filter>
    </ClCompile>
    <ClCompile Include="..\external\imgui\imgui_draw.cpp">
      <Filter>imgui</Filter>
    </ClCompile>
    <ClCompile Include="..\external\imgui\imgui_impl_dx12.cpp">
      <Filter>imgui</Filter>
    </ClCompile>
    <ClCompile Include="..\external\imgui\imgui_impl_win32.cpp">
      <Filter>imgui</Filter>
    </ClCompile>
    <ClCompile Include="..\external\imgui\imgui_tables.cpp">
      <Filter>imgui</Filter>
    </ClCompile>
    <ClCompile Include="..\external\imgui\imgui_widgets.cpp">
      <Filter>imgui</Filter>
    </ClCompile>
  </ItemGroup>
  <ItemGroup>
    <ClInclude Include="..\external\imgui\imconfig.h">
      <Filter>imgui</Filter>
    </ClInclude>
    <ClInclude Include="..\external\imgui\imgui.h">
      <Filter>imgui</Filter>
    </ClInclude>
    <ClInclude Include="..\external\imgui\imgui_impl_dx12.h">
      <Filter>imgui</Filter>
    </ClInclude>
    <ClInclude Include="..\external\imgui\imgui_impl_win32.h">
      <Filter>imgui</Filter>
    </ClInclude>
    <ClInclude Include="..\external\imgui\imgui_internal.h">
      <Filter>imgui</Filter>
    </ClInclude>
    <ClInclude Include="..\external\imgui\imstb_rectpack.h">
      <Filter>imgui</Filter>
    </ClInclude>
    <ClInclude Include="..\external\imgui\imstb_textedit.h">
      <Filter>imgui</Filter>
    </ClInclude>
    <ClInclude Include="..\external\imgui\imstb_truetype.h">
      <Filter>imgui</Filter>
    </ClInclude>
    <ClInclude Include="..\external\stb\stb_image.h">
      <Filter>stb</Filter>
    </ClInclude>
    <ClInclude Include="..\external\directx12-wrapper\dx12w\dx12w.hpp">
      <Filter>directx12_wrapper</Filter>
    </ClInclude>
    <ClInclude Include="..\external\directx12-wrapper\dx12w\dx12w_command_manager.hpp">
      <Filter>directx12_wrapper</Filter>
    </ClInclude>
    <ClInclude Include="..\external\directx12-wrapper\dx12w\dx12w_create_view.hpp">
      <Filter>directx12_wrapper</Filter>
    </ClInclude>
    <ClInclude Include="..\external\directx12-wrapper\dx12w\dx12w_descriptor_heap.hpp">
      <Filter>directx12_wrapper</Filter>
    </ClInclude>
    <ClInclude Include="..\external\directx12-wrapper\dx12w\dx12w_device.hpp">
      <Filter>directx12_wrapper</Filter>
    </ClInclude>
    <ClInclude Include="..\external\directx12-wrapper\dx12w\dx12w_pipeline_state.hpp">
      <Filter>directx12_wrapper</Filter>
    </ClInclude>
    <ClInclude Include="..\external\directx12-wrapper\dx12w\dx12w_resource.hpp">
      <Filter>directx12_wrapper</Filter>
    </ClInclude>
    <ClInclude Include="..\external\directx12-wrapper\dx12w\dx12w_root_signature.hpp">
      <Filter>directx12_wrapper</Filter>
    </ClInclude>
    <ClInclude Include="..\external\directx12-wrapper\dx12w\dx12w_shader.hpp">
      <Filter>directx12_wrapper</Filter>
    </ClInclude>
    <ClInclude Include="..\external\directx12-wrapper\dx12w\dx12w_swap_chain.hpp">
      <Filter>directx12_wrapper</Filter>
    </ClInclude>
    <ClInclude Include="..\external\directx12-wrapper\dx12w\dx12w_utility.hpp">
      <Filter>directx12_wrapper</Filter>
    </ClInclude>
    <ClInclude Include="..\external\directx12-wrapper\dx12w\dx12w_window.hpp">
      <Filter>directx12_wrapper</Filter>
    </ClInclude>
    <ClInclude Include="..\external\mmd-loader\mmdl\pmx_loader.hpp">
      <Filter>mmdl</Filter>
    </ClInclude>
    <ClInclude Include="..\external\mmd-loader\mmdl\utility.hpp">
      <Filter>mmdl</Filter>
    </ClInclude>
    <ClInclude Include="..\external\mmd-loader\mmdl\vpd_loader.hpp">
      <Filter>mmdl</Filter>
    </ClInclude>
    <ClInclude Include="function.hpp" />
    <ClInclude Include="struct.hpp" />
    <ClInclude Include="parameter.hpp" />
    <ClInclude Include="..\external\mmd-loader\mmdl\vmd_loader.hpp">
      <Filter>mmdl</Filter>
    </ClInclude>
    <ClInclude Include="..\external\mmd-loader\mmdl\pmx_buffer.hpp">
      <Filter>mmdl</Filter>
    </ClInclude>
    <ClInclude Include="..\external\mmd-loader\mmdl\pmx_loader_traits.hpp">
      <Filter>mmdl</Filter>
    </ClInclude>
    <ClInclude Include="..\external\mmd-loader\mmdl\vmd_buffer.hpp">
      <Filter>mmdl</Filter>
    </ClInclude>
    <ClInclude Include="..\external\mmd-loader\mmdl\vmd_loader_traits.hpp">
      <Filter>mmdl</Filter>
    </ClInclude>
    <ClInclude Include="..\external\mmd-loader\mmdl\vpd_loader_traits.hpp">
      <Filter>mmdl</Filter>
    </ClInclude>
    <ClInclude Include="..\external\mmd-loader\mmdl\vpd_buffer.hpp">
      <Filter>mmdl</Filter>
    </ClInclude>
    <ClInclude Include="loader_traits.hpp" />
    <ClInclude Include="bullet_world.hpp" />
    <ClInclude Include="bullet_shape.hpp" />
  </ItemGroup>
  <ItemGroup>
    <Filter Include="imgui">
      <UniqueIdentifier>{49613d19-8850-44fb-97e5-454cbe493f79}</UniqueIdentifier>
    </Filter>
    <Filter Include="shader">
      <UniqueIdentifier>{6663ed11-10fd-49ef-9ae1-1f47326cc645}</UniqueIdentifier>
    </Filter>
    <Filter Include="stb">
      <UniqueIdentifier>{10806d11-9ba8-46d3-8214-8067c17e7bb5}</UniqueIdentifier>
    </Filter>
    <Filter Include="directx12_wrapper">
      <UniqueIdentifier>{3d712ef0-2e30-455b-a9be-67b5420ec4d2}</UniqueIdentifier>
    </Filter>
    <Filter Include="mmdl">
      <UniqueIdentifier>{3f1bb054-f4ac-4ebb-a689-5f29b66e110f}</UniqueIdentifier>
    </Filter>
  </ItemGroup>
  <ItemGroup>
    <FxCompile Include="shader\PixelShader.hlsl">
      <Filter>shader</Filter>
    </FxCompile>
    <FxCompile Include="shader\VertexShader.hlsl">
      <Filter>shader</Filter>
    </FxCompile>
  </ItemGroup>
  <ItemGroup>
    <None Include="shader\Header.hlsli">
      <Filter>shader</Filter>
    </None>
  </ItemGroup>
</Project>